
Microsoft Visual Studio Solution File, Format Version 12.00
# Visual Studio Version 16
VisualStudioVersion = 16.0.33328.57
MinimumVisualStudioVersion = 10.0.40219.1
Project("{FAE04EC0-301F-11D3-BF4B-00C04F79EFBC}") = "FWebsite", "FWebsite.csproj", "{FDEB851D-7B5F-4DFA-9E90-30BEA2EAC255}"
EndProject
Global
	GlobalSection(SolutionConfigurationPlatforms) = preSolution
		Debug|Any CPU = Debug|Any CPU
		Release|Any CPU = Release|Any CPU
	EndGlobalSection
	GlobalSection(ProjectConfigurationPlatforms) = postSolution
		{FDEB851D-7B5F-4DFA-9E90-30BEA2EAC255}.Debug|Any CPU.ActiveCfg = Debug|Any CPU
		{FDEB851D-7B5F-4DFA-9E90-30BEA2EAC255}.Debug|Any CPU.Build.0 = Debug|Any CPU
		{FDEB851D-7B5F-4DFA-9E90-30BEA2EAC255}.Release|Any CPU.ActiveCfg = Release|Any CPU
		{FDEB851D-7B5F-4DFA-9E90-30BEA2EAC255}.Release|Any CPU.Build.0 = Release|Any CPU
	EndGlobalSection
	GlobalSection(SolutionProperties) = preSolution
		HideSolutionNode = FALSE
	EndGlobalSection
	GlobalSection(ExtensibilityGlobals) = postSolution
		SolutionGuid = {7416DD31-AAD6-4A40-921F-CB0BE5793688}
	EndGlobalSection
EndGlobal
